
Microsoft Visual Studio Solution File, Format Version 12.00
# Visual Studio Version 17
VisualStudioVersion = 17.3.32825.248
MinimumVisualStudioVersion = 10.0.40219.1
Project("{9A19103F-16F7-4668-BE54-9A1E7A4F7556}") = "ED_Razor_Test_01", "ED_Razor_Test_01\ED_Razor_Test_01.csproj", "{820531D3-A510-4B6B-BA6D-0D066BE531D5}"
EndProject
Global
	GlobalSection(SolutionConfigurationPlatforms) = preSolution
		Debug|Any CPU = Debug|Any CPU
		Release|Any CPU = Release|Any CPU
	EndGlobalSection
	GlobalSection(ProjectConfigurationPlatforms) = postSolution
		{820531D3-A510-4B6B-BA6D-0D066BE531D5}.Debug|Any CPU.ActiveCfg = Debug|Any CPU
		{820531D3-A510-4B6B-BA6D-0D066BE531D5}.Debug|Any CPU.Build.0 = Debug|Any CPU
		{820531D3-A510-4B6B-BA6D-0D066BE531D5}.Release|Any CPU.ActiveCfg = Release|Any CPU
		{820531D3-A510-4B6B-BA6D-0D066BE531D5}.Release|Any CPU.Build.0 = Release|Any CPU
	EndGlobalSection
	GlobalSection(SolutionProperties) = preSolution
		HideSolutionNode = FALSE
	EndGlobalSection
	GlobalSection(ExtensibilityGlobals) = postSolution
		SolutionGuid = {62A93F76-3DAD-4A79-8B09-861E9489C8F1}
	EndGlobalSection
EndGlobal
