
Microsoft Visual Studio Solution File, Format Version 12.00
# Visual Studio Version 17
VisualStudioVersion = 17.3.32825.248
MinimumVisualStudioVersion = 10.0.40219.1
Project("{9A19103F-16F7-4668-BE54-9A1E7A4F7556}") = "ED_Razor_Test_01", "ED_Razor_Test_01\ED_Razor_Test_01.csproj", "{820531D3-A510-4B6B-BA6D-0D066BE531D5}"
EndProject
Project("{9A19103F-16F7-4668-BE54-9A1E7A4F7556}") = "WebbServerProgrammering01", "WebbServerProgrammering01\WebbServerProgrammering01.csproj", "{131A299E-DD82-4A06-A422-65E53CD533FF}"
EndProject
Project("{9A19103F-16F7-4668-BE54-9A1E7A4F7556}") = "OmKlasser", "OmKlasser\OmKlasser.csproj", "{215757BD-892E-4B22-A93C-D3952E7DCAC3}"
EndProject
Project("{FAE04EC0-301F-11D3-BF4B-00C04F79EFBC}") = "ModelControllerViewIntro", "ModelControllerViewIntro\ModelControllerViewIntro.csproj", "{795E5809-937C-448A-B6F8-ED4C37192437}"
EndProject
Global
	GlobalSection(SolutionConfigurationPlatforms) = preSolution
		Debug|Any CPU = Debug|Any CPU
		Release|Any CPU = Release|Any CPU
	EndGlobalSection
	GlobalSection(ProjectConfigurationPlatforms) = postSolution
		{820531D3-A510-4B6B-BA6D-0D066BE531D5}.Debug|Any CPU.ActiveCfg = Debug|Any CPU
		{820531D3-A510-4B6B-BA6D-0D066BE531D5}.Debug|Any CPU.Build.0 = Debug|Any CPU
		{820531D3-A510-4B6B-BA6D-0D066BE531D5}.Release|Any CPU.ActiveCfg = Release|Any CPU
		{820531D3-A510-4B6B-BA6D-0D066BE531D5}.Release|Any CPU.Build.0 = Release|Any CPU
		{131A299E-DD82-4A06-A422-65E53CD533FF}.Debug|Any CPU.ActiveCfg = Debug|Any CPU
		{131A299E-DD82-4A06-A422-65E53CD533FF}.Debug|Any CPU.Build.0 = Debug|Any CPU
		{131A299E-DD82-4A06-A422-65E53CD533FF}.Release|Any CPU.ActiveCfg = Release|Any CPU
		{131A299E-DD82-4A06-A422-65E53CD533FF}.Release|Any CPU.Build.0 = Release|Any CPU
		{215757BD-892E-4B22-A93C-D3952E7DCAC3}.Debug|Any CPU.ActiveCfg = Debug|Any CPU
		{215757BD-892E-4B22-A93C-D3952E7DCAC3}.Debug|Any CPU.Build.0 = Debug|Any CPU
		{215757BD-892E-4B22-A93C-D3952E7DCAC3}.Release|Any CPU.ActiveCfg = Release|Any CPU
		{215757BD-892E-4B22-A93C-D3952E7DCAC3}.Release|Any CPU.Build.0 = Release|Any CPU
		{795E5809-937C-448A-B6F8-ED4C37192437}.Debug|Any CPU.ActiveCfg = Debug|Any CPU
		{795E5809-937C-448A-B6F8-ED4C37192437}.Debug|Any CPU.Build.0 = Debug|Any CPU
		{795E5809-937C-448A-B6F8-ED4C37192437}.Release|Any CPU.ActiveCfg = Release|Any CPU
		{795E5809-937C-448A-B6F8-ED4C37192437}.Release|Any CPU.Build.0 = Release|Any CPU
	EndGlobalSection
	GlobalSection(SolutionProperties) = preSolution
		HideSolutionNode = FALSE
	EndGlobalSection
	GlobalSection(ExtensibilityGlobals) = postSolution
		SolutionGuid = {62A93F76-3DAD-4A79-8B09-861E9489C8F1}
	EndGlobalSection
EndGlobal
